
Microsoft Visual Studio Solution File, Format Version 12.00
# Visual Studio Version 17
VisualStudioVersion = 17.6.33815.320
MinimumVisualStudioVersion = 10.0.40219.1
Project("{FAE04EC0-301F-11D3-BF4B-00C04F79EFBC}") = "StudentApp.WinForm", "StudentApp.WinForm\StudentApp.WinForm.csproj", "{C55EBF70-8F4C-4C5A-848B-E2DFC3494BDD}"
EndProject
Global
	GlobalSection(SolutionConfigurationPlatforms) = preSolution
		Debug|Any CPU = Debug|Any CPU
		Release|Any CPU = Release|Any CPU
	EndGlobalSection
	GlobalSection(ProjectConfigurationPlatforms) = postSolution
		{C55EBF70-8F4C-4C5A-848B-E2DFC3494BDD}.Debug|Any CPU.ActiveCfg = Debug|Any CPU
		{C55EBF70-8F4C-4C5A-848B-E2DFC3494BDD}.Debug|Any CPU.Build.0 = Debug|Any CPU
		{C55EBF70-8F4C-4C5A-848B-E2DFC3494BDD}.Release|Any CPU.ActiveCfg = Release|Any CPU
		{C55EBF70-8F4C-4C5A-848B-E2DFC3494BDD}.Release|Any CPU.Build.0 = Release|Any CPU
	EndGlobalSection
	GlobalSection(SolutionProperties) = preSolution
		HideSolutionNode = FALSE
	EndGlobalSection
	GlobalSection(ExtensibilityGlobals) = postSolution
		SolutionGuid = {D7839C54-1B62-477D-BCD6-40B5DC8CC497}
	EndGlobalSection
EndGlobal
